{
  "name": "admin",
  "lockfileVersion": 2,
  "requires": true,
  "packages": {
    "": {
      "dependencies": {
        "@ckeditor/ckeditor5-build-classic": "^35.2.1",
        "jquery-ui": "^1.13.2"
      }
    },
    "node_modules/@ckeditor/ckeditor5-adapter-ckfinder": {
      "version": "35.2.1",
      "resolved": "https://registry.npmjs.org/@ckeditor/ckeditor5-adapter-ckfinder/-/ckeditor5-adapter-ckfinder-35.2.1.tgz",
      "integrity": "sha512-54QVsRBub0o/LGTvjIuXnmwHR47cIrZUrDVQG7WcKZwK1N8wL7M5BG3mOCcv7KXec4OHBka1r2BfRoG2BFVzNA==",
      "dependencies": {
        "ckeditor5": "^35.2.1"
      },
      "engines": {
        "node": ">=14.0.0",
        "npm": ">=5.7.1"
      }
    },
    "node_modules/@ckeditor/ckeditor5-autoformat": {
      "version": "35.2.1",
      "resolved": "https://registry.npmjs.org/@ckeditor/ckeditor5-autoformat/-/ckeditor5-autoformat-35.2.1.tgz",
      "integrity": "sha512-Jnppwp0adbZAPP7ctBO0zK5F4UkDmmyeTXuPBqZXO3uoANTghIQ9WaoAMeVxoIJY33or41Qg37k3qOti2aUb7w==",
      "dependencies": {
        "ckeditor5": "^35.2.1"
      },
      "engines": {
        "node": ">=14.0.0",
        "npm": ">=5.7.1"
      }
    },
    "node_modules/@ckeditor/ckeditor5-basic-styles": {
      "version": "35.2.1",
      "resolved": "https://registry.npmjs.org/@ckeditor/ckeditor5-basic-styles/-/ckeditor5-basic-styles-35.2.1.tgz",
      "integrity": "sha512-Z2qeofjPWTV44fsTcAxXGFA2u0tH0f6NtVasBaU/WvsQgc37v8mnwGviyqaPL+LQ7DRorii0jTPzccj8ep8ICQ==",
      "dependencies": {
        "ckeditor5": "^35.2.1"
      },
      "engines": {
        "node": ">=14.0.0",
        "npm": ">=5.7.1"
      }
    },
    "node_modules/@ckeditor/ckeditor5-block-quote": {
      "version": "35.2.1",
      "resolved": "https://registry.npmjs.org/@ckeditor/ckeditor5-block-quote/-/ckeditor5-block-quote-35.2.1.tgz",
      "integrity": "sha512-iKIytERhUaHdQ0zLuPk0q9BgZ0RJlTnRhHEAz5dfkZuiJ9uBnPkC/wAYundVcB9vRicJqUxkemJAWm8bTgKaow==",
      "dependencies": {
        "ckeditor5": "^35.2.1"
      },
      "engines": {
        "node": ">=14.0.0",
        "npm": ">=5.7.1"
      }
    },
    "node_modules/@ckeditor/ckeditor5-build-classic": {
      "version": "35.2.1",
      "resolved": "https://registry.npmjs.org/@ckeditor/ckeditor5-build-classic/-/ckeditor5-build-classic-35.2.1.tgz",
      "integrity": "sha512-Lc5u0XjOeBYUfrI4WSn2qnn2s+RKNxmwvM4pQFBkXL/jC3iCIKehWFJB6LvYC1/3YGSS7XUjWLqc5MpPVWZ3lQ==",
      "dependencies": {
        "@ckeditor/ckeditor5-adapter-ckfinder": "^35.2.1",
        "@ckeditor/ckeditor5-autoformat": "^35.2.1",
        "@ckeditor/ckeditor5-basic-styles": "^35.2.1",
        "@ckeditor/ckeditor5-block-quote": "^35.2.1",
        "@ckeditor/ckeditor5-ckbox": "^35.2.1",
        "@ckeditor/ckeditor5-ckfinder": "^35.2.1",
        "@ckeditor/ckeditor5-cloud-services": "^35.2.1",
        "@ckeditor/ckeditor5-easy-image": "^35.2.1",
        "@ckeditor/ckeditor5-editor-classic": "^35.2.1",
        "@ckeditor/ckeditor5-essentials": "^35.2.1",
        "@ckeditor/ckeditor5-heading": "^35.2.1",
        "@ckeditor/ckeditor5-image": "^35.2.1",
        "@ckeditor/ckeditor5-indent": "^35.2.1",
        "@ckeditor/ckeditor5-link": "^35.2.1",
        "@ckeditor/ckeditor5-list": "^35.2.1",
        "@ckeditor/ckeditor5-media-embed": "^35.2.1",
        "@ckeditor/ckeditor5-paragraph": "^35.2.1",
        "@ckeditor/ckeditor5-paste-from-office": "^35.2.1",
        "@ckeditor/ckeditor5-table": "^35.2.1",
        "@ckeditor/ckeditor5-typing": "^35.2.1"
      },
      "engines": {
        "node": ">=14.0.0",
        "npm": ">=5.7.1"
      }
    },
    "node_modules/@ckeditor/ckeditor5-ckbox": {
      "version": "35.2.1",
      "resolved": "https://registry.npmjs.org/@ckeditor/ckeditor5-ckbox/-/ckeditor5-ckbox-35.2.1.tgz",
      "integrity": "sha512-8N7qUPW8Bg/FNt0+IH3+mQSpOd3bwKeoEWFcsyw6WzbgDfL/6fCRO80LTCKtMfh3caOVCePbMSLUg6pi1DeX0Q==",
      "dependencies": {
        "ckeditor5": "^35.2.1"
      },
      "engines": {
        "node": ">=14.0.0",
        "npm": ">=5.7.1"
      }
    },
    "node_modules/@ckeditor/ckeditor5-ckfinder": {
      "version": "35.2.1",
      "resolved": "https://registry.npmjs.org/@ckeditor/ckeditor5-ckfinder/-/ckeditor5-ckfinder-35.2.1.tgz",
      "integrity": "sha512-pbg7JYzBj7eXHvfKjI3p7doMrmJzCLhplU2Yy8YZ81Cfcn6Qnd9Ghb/7ln/8w1XJUFxpPl6uWz1krB1eMEpyhg==",
      "dependencies": {
        "ckeditor5": "^35.2.1"
      },
      "engines": {
        "node": ">=14.0.0",
        "npm": ">=5.7.1"
      }
    },
    "node_modules/@ckeditor/ckeditor5-clipboard": {
      "version": "35.2.1",
      "resolved": "https://registry.npmjs.org/@ckeditor/ckeditor5-clipboard/-/ckeditor5-clipboard-35.2.1.tgz",
      "integrity": "sha512-oHtU4ViXAPwvDKw4QoeQY0v4sdPLvJ4IjCS0MEkGQdspV/osvqPIyxUP2aqISbBPMRA7vz6VTeUqqeVZGH2Hrg==",
      "dependencies": {
        "@ckeditor/ckeditor5-core": "^35.2.1",
        "@ckeditor/ckeditor5-engine": "^35.2.1",
        "@ckeditor/ckeditor5-utils": "^35.2.1",
        "@ckeditor/ckeditor5-widget": "^35.2.1",
        "lodash-es": "^4.17.11"
      },
      "engines": {
        "node": ">=14.0.0",
        "npm": ">=5.7.1"
      }
    },
    "node_modules/@ckeditor/ckeditor5-cloud-services": {
      "version": "35.2.1",
      "resolved": "https://registry.npmjs.org/@ckeditor/ckeditor5-cloud-services/-/ckeditor5-cloud-services-35.2.1.tgz",
      "integrity": "sha512-rBsacgBVcRAOwDyAJJGnTEh6/GtNzw2RIxwNgcaBqm5YURrEB1F2S55kKAdBXAawxXa0efMEl1nS8MFpJW2ZYQ==",
      "dependencies": {
        "ckeditor5": "^35.2.1"
      },
      "engines": {
        "node": ">=14.0.0",
        "npm": ">=5.7.1"
      }
    },
    "node_modules/@ckeditor/ckeditor5-core": {
      "version": "35.2.1",
      "resolved": "https://registry.npmjs.org/@ckeditor/ckeditor5-core/-/ckeditor5-core-35.2.1.tgz",
      "integrity": "sha512-52A/rS3DamiWGPVB3Jd6Z14Hv9yCwcTGdLNWStDyrMjybjXOc7O6xrEiB8v1ySzTaleD4wfZ7vGlq1ZKF2dqDg==",
      "dependencies": {
        "@ckeditor/ckeditor5-engine": "^35.2.1",
        "@ckeditor/ckeditor5-ui": "^35.2.1",
        "@ckeditor/ckeditor5-utils": "^35.2.1",
        "lodash-es": "^4.17.15"
      },
      "engines": {
        "node": ">=14.0.0",
        "npm": ">=5.7.1"
      }
    },
    "node_modules/@ckeditor/ckeditor5-easy-image": {
      "version": "35.2.1",
      "resolved": "https://registry.npmjs.org/@ckeditor/ckeditor5-easy-image/-/ckeditor5-easy-image-35.2.1.tgz",
      "integrity": "sha512-JUOfwFxw0m0+WPQkE+X8/KHds0fQGL2MLzNCF8sZS26eh2S3UMdVK3gwNeHEY8r3LO71l1OAbuQibg/lbNXGgA==",
      "dependencies": {
        "ckeditor5": "^35.2.1"
      },
      "engines": {
        "node": ">=14.0.0",
        "npm": ">=5.7.1"
      }
    },
    "node_modules/@ckeditor/ckeditor5-editor-classic": {
      "version": "35.2.1",
      "resolved": "https://registry.npmjs.org/@ckeditor/ckeditor5-editor-classic/-/ckeditor5-editor-classic-35.2.1.tgz",
      "integrity": "sha512-K1X5dNamkeEBia+luXMWeuweB7G09AVYSgp+yVUfyn/fV1RUu75OhQQ2f2G5e6WCgkWCk8uQV3ChH8eXAykcTA==",
      "dependencies": {
        "ckeditor5": "^35.2.1",
        "lodash-es": "^4.17.15"
      },
      "engines": {
        "node": ">=14.0.0",
        "npm": ">=5.7.1"
      }
    },
    "node_modules/@ckeditor/ckeditor5-engine": {
      "version": "35.2.1",
      "resolved": "https://registry.npmjs.org/@ckeditor/ckeditor5-engine/-/ckeditor5-engine-35.2.1.tgz",
      "integrity": "sha512-7cVYYNBm3VJ2jhwgbSnzHBn1tDeRiTQ4X/TI3S7/C+hOCVxsB8bns8GV/AOTuAromrbwpME4QXTY+Z6okcHyLA==",
      "dependencies": {
        "@ckeditor/ckeditor5-utils": "^35.2.1",
        "lodash-es": "^4.17.15"
      },
      "engines": {
        "node": ">=14.0.0",
        "npm": ">=5.7.1"
      }
    },
    "node_modules/@ckeditor/ckeditor5-enter": {
      "version": "35.2.1",
      "resolved": "https://registry.npmjs.org/@ckeditor/ckeditor5-enter/-/ckeditor5-enter-35.2.1.tgz",
      "integrity": "sha512-B336nVuVhG0HO8cymCuJd45yo9W3CZfsAtuaEshAdx9HAHrDMpQZ3FGPH08vhJ3qTjsO9nwXUTmlPpsMnDZSdA==",
      "dependencies": {
        "@ckeditor/ckeditor5-core": "^35.2.1",
        "@ckeditor/ckeditor5-engine": "^35.2.1",
        "@ckeditor/ckeditor5-utils": "^35.2.1"
      },
      "engines": {
        "node": ">=14.0.0",
        "npm": ">=5.7.1"
      }
    },
    "node_modules/@ckeditor/ckeditor5-essentials": {
      "version": "35.2.1",
      "resolved": "https://registry.npmjs.org/@ckeditor/ckeditor5-essentials/-/ckeditor5-essentials-35.2.1.tgz",
      "integrity": "sha512-qU/vVqBuTp+mY/86s31a0Ay2xmMH+GSkzRdeUVfyGDiQZznCjkaKfAwMXtauorgx/C6YXGF/6xYG4C6C7R99Fw==",
      "dependencies": {
        "ckeditor5": "^35.2.1"
      },
      "engines": {
        "node": ">=14.0.0",
        "npm": ">=5.7.1"
      }
    },
    "node_modules/@ckeditor/ckeditor5-heading": {
      "version": "35.2.1",
      "resolved": "https://registry.npmjs.org/@ckeditor/ckeditor5-heading/-/ckeditor5-heading-35.2.1.tgz",
      "integrity": "sha512-OkF8mXb62BIcP06uEYs+jBqbMkDU/pRPRfV0jpvwAQslu7mS2FukM1Bknlr7BXldDlWznxISyVP+l1rgcUVCNg==",
      "dependencies": {
        "ckeditor5": "^35.2.1"
      },
      "engines": {
        "node": ">=14.0.0",
        "npm": ">=5.7.1"
      }
    },
    "node_modules/@ckeditor/ckeditor5-image": {
      "version": "35.2.1",
      "resolved": "https://registry.npmjs.org/@ckeditor/ckeditor5-image/-/ckeditor5-image-35.2.1.tgz",
      "integrity": "sha512-8SaB6yhpLHEtn1Kdkh33Dg4HCYsM0Gyj8ptBKXv+QXOPMilU+atrdecbUAiPGLBDLRkfrK62HTWm737ziZ+HIQ==",
      "dependencies": {
        "@ckeditor/ckeditor5-ui": "^35.2.1",
        "ckeditor5": "^35.2.1",
        "lodash-es": "^4.17.15"
      },
      "engines": {
        "node": ">=14.0.0",
        "npm": ">=5.7.1"
      }
    },
    "node_modules/@ckeditor/ckeditor5-indent": {
      "version": "35.2.1",
      "resolved": "https://registry.npmjs.org/@ckeditor/ckeditor5-indent/-/ckeditor5-indent-35.2.1.tgz",
      "integrity": "sha512-SOj5AJf0GoIaLMIP5YermhvxLyhtqehxGYqJ59AzBzLhVQgfH2tHfpgpRKaZguDkN4NgpALTQFe53GIuBnGCMQ==",
      "dependencies": {
        "ckeditor5": "^35.2.1"
      },
      "engines": {
        "node": ">=14.0.0",
        "npm": ">=5.7.1"
      }
    },
    "node_modules/@ckeditor/ckeditor5-link": {
      "version": "35.2.1",
      "resolved": "https://registry.npmjs.org/@ckeditor/ckeditor5-link/-/ckeditor5-link-35.2.1.tgz",
      "integrity": "sha512-eie6C8pYttBeTpXVNSrRUE8LQ091CJVWUOESo0bgjFG9+/1H6lXWcfGy/ZyQiWpEDzaQ+qJrOrWhkiU6TAmxaA==",
      "dependencies": {
        "@ckeditor/ckeditor5-ui": "^35.2.1",
        "ckeditor5": "^35.2.1",
        "lodash-es": "^4.17.15"
      },
      "engines": {
        "node": ">=14.0.0",
        "npm": ">=5.7.1"
      }
    },
    "node_modules/@ckeditor/ckeditor5-list": {
      "version": "35.2.1",
      "resolved": "https://registry.npmjs.org/@ckeditor/ckeditor5-list/-/ckeditor5-list-35.2.1.tgz",
      "integrity": "sha512-PtrPItlPwjlqwkH+jC6/Fen1EHzl1HZbs7SKSyZhBlSTX4vMtBSAjz+tzNfYk/6CVtFpNY1vXc3MGXL9fFnXJw==",
      "dependencies": {
        "@ckeditor/ckeditor5-ui": "^35.2.1",
        "ckeditor5": "^35.2.1"
      },
      "engines": {
        "node": ">=14.0.0",
        "npm": ">=5.7.1"
      }
    },
    "node_modules/@ckeditor/ckeditor5-media-embed": {
      "version": "35.2.1",
      "resolved": "https://registry.npmjs.org/@ckeditor/ckeditor5-media-embed/-/ckeditor5-media-embed-35.2.1.tgz",
      "integrity": "sha512-8+sWp9OgJJ6auLKuWTjaVNMKoaUnv9dmoEIcvqhakoPhsxU1M8YLI11G0MDsNrKwQQFKSj1Rf4UAgWMMVz/jzg==",
      "dependencies": {
        "@ckeditor/ckeditor5-ui": "^35.2.1",
        "ckeditor5": "^35.2.1"
      },
      "engines": {
        "node": ">=14.0.0",
        "npm": ">=5.7.1"
      }
    },
    "node_modules/@ckeditor/ckeditor5-paragraph": {
      "version": "35.2.1",
      "resolved": "https://registry.npmjs.org/@ckeditor/ckeditor5-paragraph/-/ckeditor5-paragraph-35.2.1.tgz",
      "integrity": "sha512-8p1dkwGnrPC/7H6uNmiH8l8KU9GV2DyFA9wR3Sur9/QFupdXJ6ovuchqo00aWb431a6W/PZpOhCYr01KT7/0EA==",
      "dependencies": {
        "@ckeditor/ckeditor5-core": "^35.2.1",
        "@ckeditor/ckeditor5-ui": "^35.2.1",
        "@ckeditor/ckeditor5-utils": "^35.2.1"
      },
      "engines": {
        "node": ">=14.0.0",
        "npm": ">=5.7.1"
      }
    },
    "node_modules/@ckeditor/ckeditor5-paste-from-office": {
      "version": "35.2.1",
      "resolved": "https://registry.npmjs.org/@ckeditor/ckeditor5-paste-from-office/-/ckeditor5-paste-from-office-35.2.1.tgz",
      "integrity": "sha512-cpcHNpnm3Pd9eIK8omMPg/u5a0Xq8HWMAwjf7oMC0VvrGAFZ5gOkWBduN31O7lfxMvtollDxt6wM1+cpMCA1sg==",
      "dependencies": {
        "ckeditor5": "^35.2.1"
      },
      "engines": {
        "node": ">=14.0.0",
        "npm": ">=5.7.1"
      }
    },
    "node_modules/@ckeditor/ckeditor5-select-all": {
      "version": "35.2.1",
      "resolved": "https://registry.npmjs.org/@ckeditor/ckeditor5-select-all/-/ckeditor5-select-all-35.2.1.tgz",
      "integrity": "sha512-kPiNjFlzqtWUAU27urs1t9PH27evUWz19bUvmvtOUuz/Gb5jIpriacUmcA9YpFyPdX1UWkdhthzvqEx9Poui5A==",
      "dependencies": {
        "@ckeditor/ckeditor5-core": "^35.2.1",
        "@ckeditor/ckeditor5-ui": "^35.2.1",
        "@ckeditor/ckeditor5-utils": "^35.2.1"
      },
      "engines": {
        "node": ">=14.0.0",
        "npm": ">=5.7.1"
      }
    },
    "node_modules/@ckeditor/ckeditor5-table": {
      "version": "35.2.1",
      "resolved": "https://registry.npmjs.org/@ckeditor/ckeditor5-table/-/ckeditor5-table-35.2.1.tgz",
      "integrity": "sha512-JqpGqRS42CcZz/5nxqR3zk6tK3zhiyax+/J9PeHAi9vlb6T4RTTvxxZh+KFioC/mikxhvYseVhzMYz17Jn/vVQ==",
      "dependencies": {
        "ckeditor5": "^35.2.1",
        "lodash-es": "^4.17.15"
      },
      "engines": {
        "node": ">=14.0.0",
        "npm": ">=5.7.1"
      }
    },
    "node_modules/@ckeditor/ckeditor5-typing": {
      "version": "35.2.1",
      "resolved": "https://registry.npmjs.org/@ckeditor/ckeditor5-typing/-/ckeditor5-typing-35.2.1.tgz",
      "integrity": "sha512-PYzBj9F5f8HpGJEuUxxy9WVsMOZnFi/z9wDF/bJ9aoZw+SkXqKQC1HKz94u70imcPiOIzFKc1HI9VX5yQ77TaA==",
      "dependencies": {
        "@ckeditor/ckeditor5-core": "^35.2.1",
        "@ckeditor/ckeditor5-engine": "^35.2.1",
        "@ckeditor/ckeditor5-utils": "^35.2.1",
        "lodash-es": "^4.17.15"
      },
      "engines": {
        "node": ">=14.0.0",
        "npm": ">=5.7.1"
      }
    },
    "node_modules/@ckeditor/ckeditor5-ui": {
      "version": "35.2.1",
      "resolved": "https://registry.npmjs.org/@ckeditor/ckeditor5-ui/-/ckeditor5-ui-35.2.1.tgz",
      "integrity": "sha512-D1M8Us0Ss97yc1MbjvqjjuOY4v2u7eYXZbqxCwvAp4/RM0uVQWUQR2UbRLyidP2Ea9JWp7VuMTZ8NvpX9UnXUg==",
      "dependencies": {
        "@ckeditor/ckeditor5-core": "^35.2.1",
        "@ckeditor/ckeditor5-utils": "^35.2.1",
        "lodash-es": "^4.17.15"
      },
      "engines": {
        "node": ">=14.0.0",
        "npm": ">=5.7.1"
      }
    },
    "node_modules/@ckeditor/ckeditor5-undo": {
      "version": "35.2.1",
      "resolved": "https://registry.npmjs.org/@ckeditor/ckeditor5-undo/-/ckeditor5-undo-35.2.1.tgz",
      "integrity": "sha512-6nw3BXZU7XcBdeCWK5SI35AwMWu1OI5fGvIQbzuCcuMmicna4DJIwzcCBjY0hODMhxfU3BDLOj9FxSmk4Mju5g==",
      "dependencies": {
        "@ckeditor/ckeditor5-core": "^35.2.1",
        "@ckeditor/ckeditor5-engine": "^35.2.1",
        "@ckeditor/ckeditor5-ui": "^35.2.1"
      },
      "engines": {
        "node": ">=14.0.0",
        "npm": ">=5.7.1"
      }
    },
    "node_modules/@ckeditor/ckeditor5-upload": {
      "version": "35.2.1",
      "resolved": "https://registry.npmjs.org/@ckeditor/ckeditor5-upload/-/ckeditor5-upload-35.2.1.tgz",
      "integrity": "sha512-FR3yioqHCV/WmRzNnf01bPa28H8O+dfd4ZBZnAEHWNAMK8wBxf3UY2TwMeamTaaGfFoqUBz6004opqXeOUCcng==",
      "dependencies": {
        "@ckeditor/ckeditor5-core": "^35.2.1",
        "@ckeditor/ckeditor5-ui": "^35.2.1",
        "@ckeditor/ckeditor5-utils": "^35.2.1"
      },
      "engines": {
        "node": ">=14.0.0",
        "npm": ">=5.7.1"
      }
    },
    "node_modules/@ckeditor/ckeditor5-utils": {
      "version": "35.2.1",
      "resolved": "https://registry.npmjs.org/@ckeditor/ckeditor5-utils/-/ckeditor5-utils-35.2.1.tgz",
      "integrity": "sha512-6sseGcA+am4bfuWybTVsLi1R2DRJE3lyKfAv5+UgSWpZwVWHRE/ZOCGkRrkWjA+0Rfwxx8XdU8KC+l7iq73iwQ==",
      "dependencies": {
        "lodash-es": "^4.17.15"
      },
      "engines": {
        "node": ">=14.0.0",
        "npm": ">=5.7.1"
      }
    },
    "node_modules/@ckeditor/ckeditor5-widget": {
      "version": "35.2.1",
      "resolved": "https://registry.npmjs.org/@ckeditor/ckeditor5-widget/-/ckeditor5-widget-35.2.1.tgz",
      "integrity": "sha512-DdEr13R7wFZKnSwDDOvdaeU4zjV3BSggx79ApgWh2UH1zZuZeDIEAOoBd59OXGUg3mElAgIe/QH8brA5au+Owg==",
      "dependencies": {
        "@ckeditor/ckeditor5-core": "^35.2.1",
        "@ckeditor/ckeditor5-engine": "^35.2.1",
        "@ckeditor/ckeditor5-enter": "^35.2.1",
        "@ckeditor/ckeditor5-typing": "^35.2.1",
        "@ckeditor/ckeditor5-ui": "^35.2.1",
        "@ckeditor/ckeditor5-utils": "^35.2.1",
        "lodash-es": "^4.17.15"
      },
      "engines": {
        "node": ">=14.0.0",
        "npm": ">=5.7.1"
      }
    },
    "node_modules/ckeditor5": {
      "version": "35.2.1",
      "resolved": "https://registry.npmjs.org/ckeditor5/-/ckeditor5-35.2.1.tgz",
      "integrity": "sha512-AoYaw5ud6M+mDkyu4RYo0YkhJt92hQtyWe9j0ByrLr2XslDDIgzf5x3XZK0FE3ouJQpk5fm6y7qN4kfeaFEJwg==",
      "dependencies": {
        "@ckeditor/ckeditor5-clipboard": "^35.2.1",
        "@ckeditor/ckeditor5-core": "^35.2.1",
        "@ckeditor/ckeditor5-engine": "^35.2.1",
        "@ckeditor/ckeditor5-enter": "^35.2.1",
        "@ckeditor/ckeditor5-paragraph": "^35.2.1",
        "@ckeditor/ckeditor5-select-all": "^35.2.1",
        "@ckeditor/ckeditor5-typing": "^35.2.1",
        "@ckeditor/ckeditor5-ui": "^35.2.1",
        "@ckeditor/ckeditor5-undo": "^35.2.1",
        "@ckeditor/ckeditor5-upload": "^35.2.1",
        "@ckeditor/ckeditor5-utils": "^35.2.1",
        "@ckeditor/ckeditor5-widget": "^35.2.1"
      },
      "engines": {
        "node": ">=14.0.0",
        "npm": ">=5.7.1"
      }
    },
    "node_modules/jquery": {
      "version": "3.6.1",
      "resolved": "https://registry.npmjs.org/jquery/-/jquery-3.6.1.tgz",
      "integrity": "sha512-opJeO4nCucVnsjiXOE+/PcCgYw9Gwpvs/a6B1LL/lQhwWwpbVEVYDZ1FokFr8PRc7ghYlrFPuyHuiiDNTQxmcw=="
    },
    "node_modules/jquery-ui": {
      "version": "1.13.2",
      "resolved": "https://registry.npmjs.org/jquery-ui/-/jquery-ui-1.13.2.tgz",
      "integrity": "sha512-wBZPnqWs5GaYJmo1Jj0k/mrSkzdQzKDwhXNtHKcBdAcKVxMM3KNYFq+iJ2i1rwiG53Z8M4mTn3Qxrm17uH1D4Q==",
      "dependencies": {
        "jquery": ">=1.8.0 <4.0.0"
      }
    },
    "node_modules/lodash-es": {
      "version": "4.17.21",
      "resolved": "https://registry.npmjs.org/lodash-es/-/lodash-es-4.17.21.tgz",
      "integrity": "sha512-mKnC+QJ9pWVzv+C4/U3rRsHapFfHvQFoFB92e52xeyGMcX6/OlIl78je1u8vePzYZSkkogMPJ2yjxxsb89cxyw=="
    }
  },
  "dependencies": {
    "@ckeditor/ckeditor5-adapter-ckfinder": {
      "version": "35.2.1",
      "resolved": "https://registry.npmjs.org/@ckeditor/ckeditor5-adapter-ckfinder/-/ckeditor5-adapter-ckfinder-35.2.1.tgz",
      "integrity": "sha512-54QVsRBub0o/LGTvjIuXnmwHR47cIrZUrDVQG7WcKZwK1N8wL7M5BG3mOCcv7KXec4OHBka1r2BfRoG2BFVzNA==",
      "requires": {
        "ckeditor5": "^35.2.1"
      }
    },
    "@ckeditor/ckeditor5-autoformat": {
      "version": "35.2.1",
      "resolved": "https://registry.npmjs.org/@ckeditor/ckeditor5-autoformat/-/ckeditor5-autoformat-35.2.1.tgz",
      "integrity": "sha512-Jnppwp0adbZAPP7ctBO0zK5F4UkDmmyeTXuPBqZXO3uoANTghIQ9WaoAMeVxoIJY33or41Qg37k3qOti2aUb7w==",
      "requires": {
        "ckeditor5": "^35.2.1"
      }
    },
    "@ckeditor/ckeditor5-basic-styles": {
      "version": "35.2.1",
      "resolved": "https://registry.npmjs.org/@ckeditor/ckeditor5-basic-styles/-/ckeditor5-basic-styles-35.2.1.tgz",
      "integrity": "sha512-Z2qeofjPWTV44fsTcAxXGFA2u0tH0f6NtVasBaU/WvsQgc37v8mnwGviyqaPL+LQ7DRorii0jTPzccj8ep8ICQ==",
      "requires": {
        "ckeditor5": "^35.2.1"
      }
    },
    "@ckeditor/ckeditor5-block-quote": {
      "version": "35.2.1",
      "resolved": "https://registry.npmjs.org/@ckeditor/ckeditor5-block-quote/-/ckeditor5-block-quote-35.2.1.tgz",
      "integrity": "sha512-iKIytERhUaHdQ0zLuPk0q9BgZ0RJlTnRhHEAz5dfkZuiJ9uBnPkC/wAYundVcB9vRicJqUxkemJAWm8bTgKaow==",
      "requires": {
        "ckeditor5": "^35.2.1"
      }
    },
    "@ckeditor/ckeditor5-build-classic": {
      "version": "35.2.1",
      "resolved": "https://registry.npmjs.org/@ckeditor/ckeditor5-build-classic/-/ckeditor5-build-classic-35.2.1.tgz",
      "integrity": "sha512-Lc5u0XjOeBYUfrI4WSn2qnn2s+RKNxmwvM4pQFBkXL/jC3iCIKehWFJB6LvYC1/3YGSS7XUjWLqc5MpPVWZ3lQ==",
      "requires": {
        "@ckeditor/ckeditor5-adapter-ckfinder": "^35.2.1",
        "@ckeditor/ckeditor5-autoformat": "^35.2.1",
        "@ckeditor/ckeditor5-basic-styles": "^35.2.1",
        "@ckeditor/ckeditor5-block-quote": "^35.2.1",
        "@ckeditor/ckeditor5-ckbox": "^35.2.1",
        "@ckeditor/ckeditor5-ckfinder": "^35.2.1",
        "@ckeditor/ckeditor5-cloud-services": "^35.2.1",
        "@ckeditor/ckeditor5-easy-image": "^35.2.1",
        "@ckeditor/ckeditor5-editor-classic": "^35.2.1",
        "@ckeditor/ckeditor5-essentials": "^35.2.1",
        "@ckeditor/ckeditor5-heading": "^35.2.1",
        "@ckeditor/ckeditor5-image": "^35.2.1",
        "@ckeditor/ckeditor5-indent": "^35.2.1",
        "@ckeditor/ckeditor5-link": "^35.2.1",
        "@ckeditor/ckeditor5-list": "^35.2.1",
        "@ckeditor/ckeditor5-media-embed": "^35.2.1",
        "@ckeditor/ckeditor5-paragraph": "^35.2.1",
        "@ckeditor/ckeditor5-paste-from-office": "^35.2.1",
        "@ckeditor/ckeditor5-table": "^35.2.1",
        "@ckeditor/ckeditor5-typing": "^35.2.1"
      }
    },
    "@ckeditor/ckeditor5-ckbox": {
      "version": "35.2.1",
      "resolved": "https://registry.npmjs.org/@ckeditor/ckeditor5-ckbox/-/ckeditor5-ckbox-35.2.1.tgz",
      "integrity": "sha512-8N7qUPW8Bg/FNt0+IH3+mQSpOd3bwKeoEWFcsyw6WzbgDfL/6fCRO80LTCKtMfh3caOVCePbMSLUg6pi1DeX0Q==",
      "requires": {
        "ckeditor5": "^35.2.1"
      }
    },
    "@ckeditor/ckeditor5-ckfinder": {
      "version": "35.2.1",
      "resolved": "https://registry.npmjs.org/@ckeditor/ckeditor5-ckfinder/-/ckeditor5-ckfinder-35.2.1.tgz",
      "integrity": "sha512-pbg7JYzBj7eXHvfKjI3p7doMrmJzCLhplU2Yy8YZ81Cfcn6Qnd9Ghb/7ln/8w1XJUFxpPl6uWz1krB1eMEpyhg==",
      "requires": {
        "ckeditor5": "^35.2.1"
      }
    },
    "@ckeditor/ckeditor5-clipboard": {
      "version": "35.2.1",
      "resolved": "https://registry.npmjs.org/@ckeditor/ckeditor5-clipboard/-/ckeditor5-clipboard-35.2.1.tgz",
      "integrity": "sha512-oHtU4ViXAPwvDKw4QoeQY0v4sdPLvJ4IjCS0MEkGQdspV/osvqPIyxUP2aqISbBPMRA7vz6VTeUqqeVZGH2Hrg==",
      "requires": {
        "@ckeditor/ckeditor5-core": "^35.2.1",
        "@ckeditor/ckeditor5-engine": "^35.2.1",
        "@ckeditor/ckeditor5-utils": "^35.2.1",
        "@ckeditor/ckeditor5-widget": "^35.2.1",
        "lodash-es": "^4.17.11"
      }
    },
    "@ckeditor/ckeditor5-cloud-services": {
      "version": "35.2.1",
      "resolved": "https://registry.npmjs.org/@ckeditor/ckeditor5-cloud-services/-/ckeditor5-cloud-services-35.2.1.tgz",
      "integrity": "sha512-rBsacgBVcRAOwDyAJJGnTEh6/GtNzw2RIxwNgcaBqm5YURrEB1F2S55kKAdBXAawxXa0efMEl1nS8MFpJW2ZYQ==",
      "requires": {
        "ckeditor5": "^35.2.1"
      }
    },
    "@ckeditor/ckeditor5-core": {
      "version": "35.2.1",
      "resolved": "https://registry.npmjs.org/@ckeditor/ckeditor5-core/-/ckeditor5-core-35.2.1.tgz",
      "integrity": "sha512-52A/rS3DamiWGPVB3Jd6Z14Hv9yCwcTGdLNWStDyrMjybjXOc7O6xrEiB8v1ySzTaleD4wfZ7vGlq1ZKF2dqDg==",
      "requires": {
        "@ckeditor/ckeditor5-engine": "^35.2.1",
        "@ckeditor/ckeditor5-ui": "^35.2.1",
        "@ckeditor/ckeditor5-utils": "^35.2.1",
        "lodash-es": "^4.17.15"
      }
    },
    "@ckeditor/ckeditor5-easy-image": {
      "version": "35.2.1",
      "resolved": "https://registry.npmjs.org/@ckeditor/ckeditor5-easy-image/-/ckeditor5-easy-image-35.2.1.tgz",
      "integrity": "sha512-JUOfwFxw0m0+WPQkE+X8/KHds0fQGL2MLzNCF8sZS26eh2S3UMdVK3gwNeHEY8r3LO71l1OAbuQibg/lbNXGgA==",
      "requires": {
        "ckeditor5": "^35.2.1"
      }
    },
    "@ckeditor/ckeditor5-editor-classic": {
      "version": "35.2.1",
      "resolved": "https://registry.npmjs.org/@ckeditor/ckeditor5-editor-classic/-/ckeditor5-editor-classic-35.2.1.tgz",
      "integrity": "sha512-K1X5dNamkeEBia+luXMWeuweB7G09AVYSgp+yVUfyn/fV1RUu75OhQQ2f2G5e6WCgkWCk8uQV3ChH8eXAykcTA==",
      "requires": {
        "ckeditor5": "^35.2.1",
        "lodash-es": "^4.17.15"
      }
    },
    "@ckeditor/ckeditor5-engine": {
      "version": "35.2.1",
      "resolved": "https://registry.npmjs.org/@ckeditor/ckeditor5-engine/-/ckeditor5-engine-35.2.1.tgz",
      "integrity": "sha512-7cVYYNBm3VJ2jhwgbSnzHBn1tDeRiTQ4X/TI3S7/C+hOCVxsB8bns8GV/AOTuAromrbwpME4QXTY+Z6okcHyLA==",
      "requires": {
        "@ckeditor/ckeditor5-utils": "^35.2.1",
        "lodash-es": "^4.17.15"
      }
    },
    "@ckeditor/ckeditor5-enter": {
      "version": "35.2.1",
      "resolved": "https://registry.npmjs.org/@ckeditor/ckeditor5-enter/-/ckeditor5-enter-35.2.1.tgz",
      "integrity": "sha512-B336nVuVhG0HO8cymCuJd45yo9W3CZfsAtuaEshAdx9HAHrDMpQZ3FGPH08vhJ3qTjsO9nwXUTmlPpsMnDZSdA==",
      "requires": {
        "@ckeditor/ckeditor5-core": "^35.2.1",
        "@ckeditor/ckeditor5-engine": "^35.2.1",
        "@ckeditor/ckeditor5-utils": "^35.2.1"
      }
    },
    "@ckeditor/ckeditor5-essentials": {
      "version": "35.2.1",
      "resolved": "https://registry.npmjs.org/@ckeditor/ckeditor5-essentials/-/ckeditor5-essentials-35.2.1.tgz",
      "integrity": "sha512-qU/vVqBuTp+mY/86s31a0Ay2xmMH+GSkzRdeUVfyGDiQZznCjkaKfAwMXtauorgx/C6YXGF/6xYG4C6C7R99Fw==",
      "requires": {
        "ckeditor5": "^35.2.1"
      }
    },
    "@ckeditor/ckeditor5-heading": {
      "version": "35.2.1",
      "resolved": "https://registry.npmjs.org/@ckeditor/ckeditor5-heading/-/ckeditor5-heading-35.2.1.tgz",
      "integrity": "sha512-OkF8mXb62BIcP06uEYs+jBqbMkDU/pRPRfV0jpvwAQslu7mS2FukM1Bknlr7BXldDlWznxISyVP+l1rgcUVCNg==",
      "requires": {
        "ckeditor5": "^35.2.1"
      }
    },
    "@ckeditor/ckeditor5-image": {
      "version": "35.2.1",
      "resolved": "https://registry.npmjs.org/@ckeditor/ckeditor5-image/-/ckeditor5-image-35.2.1.tgz",
      "integrity": "sha512-8SaB6yhpLHEtn1Kdkh33Dg4HCYsM0Gyj8ptBKXv+QXOPMilU+atrdecbUAiPGLBDLRkfrK62HTWm737ziZ+HIQ==",
      "requires": {
        "@ckeditor/ckeditor5-ui": "^35.2.1",
        "ckeditor5": "^35.2.1",
        "lodash-es": "^4.17.15"
      }
    },
    "@ckeditor/ckeditor5-indent": {
      "version": "35.2.1",
      "resolved": "https://registry.npmjs.org/@ckeditor/ckeditor5-indent/-/ckeditor5-indent-35.2.1.tgz",
      "integrity": "sha512-SOj5AJf0GoIaLMIP5YermhvxLyhtqehxGYqJ59AzBzLhVQgfH2tHfpgpRKaZguDkN4NgpALTQFe53GIuBnGCMQ==",
      "requires": {
        "ckeditor5": "^35.2.1"
      }
    },
    "@ckeditor/ckeditor5-link": {
      "version": "35.2.1",
      "resolved": "https://registry.npmjs.org/@ckeditor/ckeditor5-link/-/ckeditor5-link-35.2.1.tgz",
      "integrity": "sha512-eie6C8pYttBeTpXVNSrRUE8LQ091CJVWUOESo0bgjFG9+/1H6lXWcfGy/ZyQiWpEDzaQ+qJrOrWhkiU6TAmxaA==",
      "requires": {
        "@ckeditor/ckeditor5-ui": "^35.2.1",
        "ckeditor5": "^35.2.1",
        "lodash-es": "^4.17.15"
      }
    },
    "@ckeditor/ckeditor5-list": {
      "version": "35.2.1",
      "resolved": "https://registry.npmjs.org/@ckeditor/ckeditor5-list/-/ckeditor5-list-35.2.1.tgz",
      "integrity": "sha512-PtrPItlPwjlqwkH+jC6/Fen1EHzl1HZbs7SKSyZhBlSTX4vMtBSAjz+tzNfYk/6CVtFpNY1vXc3MGXL9fFnXJw==",
      "requires": {
        "@ckeditor/ckeditor5-ui": "^35.2.1",
        "ckeditor5": "^35.2.1"
      }
    },
    "@ckeditor/ckeditor5-media-embed": {
      "version": "35.2.1",
      "resolved": "https://registry.npmjs.org/@ckeditor/ckeditor5-media-embed/-/ckeditor5-media-embed-35.2.1.tgz",
      "integrity": "sha512-8+sWp9OgJJ6auLKuWTjaVNMKoaUnv9dmoEIcvqhakoPhsxU1M8YLI11G0MDsNrKwQQFKSj1Rf4UAgWMMVz/jzg==",
      "requires": {
        "@ckeditor/ckeditor5-ui": "^35.2.1",
        "ckeditor5": "^35.2.1"
      }
    },
    "@ckeditor/ckeditor5-paragraph": {
      "version": "35.2.1",
      "resolved": "https://registry.npmjs.org/@ckeditor/ckeditor5-paragraph/-/ckeditor5-paragraph-35.2.1.tgz",
      "integrity": "sha512-8p1dkwGnrPC/7H6uNmiH8l8KU9GV2DyFA9wR3Sur9/QFupdXJ6ovuchqo00aWb431a6W/PZpOhCYr01KT7/0EA==",
      "requires": {
        "@ckeditor/ckeditor5-core": "^35.2.1",
        "@ckeditor/ckeditor5-ui": "^35.2.1",
        "@ckeditor/ckeditor5-utils": "^35.2.1"
      }
    },
    "@ckeditor/ckeditor5-paste-from-office": {
      "version": "35.2.1",
      "resolved": "https://registry.npmjs.org/@ckeditor/ckeditor5-paste-from-office/-/ckeditor5-paste-from-office-35.2.1.tgz",
      "integrity": "sha512-cpcHNpnm3Pd9eIK8omMPg/u5a0Xq8HWMAwjf7oMC0VvrGAFZ5gOkWBduN31O7lfxMvtollDxt6wM1+cpMCA1sg==",
      "requires": {
        "ckeditor5": "^35.2.1"
      }
    },
    "@ckeditor/ckeditor5-select-all": {
      "version": "35.2.1",
      "resolved": "https://registry.npmjs.org/@ckeditor/ckeditor5-select-all/-/ckeditor5-select-all-35.2.1.tgz",
      "integrity": "sha512-kPiNjFlzqtWUAU27urs1t9PH27evUWz19bUvmvtOUuz/Gb5jIpriacUmcA9YpFyPdX1UWkdhthzvqEx9Poui5A==",
      "requires": {
        "@ckeditor/ckeditor5-core": "^35.2.1",
        "@ckeditor/ckeditor5-ui": "^35.2.1",
        "@ckeditor/ckeditor5-utils": "^35.2.1"
      }
    },
    "@ckeditor/ckeditor5-table": {
      "version": "35.2.1",
      "resolved": "https://registry.npmjs.org/@ckeditor/ckeditor5-table/-/ckeditor5-table-35.2.1.tgz",
      "integrity": "sha512-JqpGqRS42CcZz/5nxqR3zk6tK3zhiyax+/J9PeHAi9vlb6T4RTTvxxZh+KFioC/mikxhvYseVhzMYz17Jn/vVQ==",
      "requires": {
        "ckeditor5": "^35.2.1",
        "lodash-es": "^4.17.15"
      }
    },
    "@ckeditor/ckeditor5-typing": {
      "version": "35.2.1",
      "resolved": "https://registry.npmjs.org/@ckeditor/ckeditor5-typing/-/ckeditor5-typing-35.2.1.tgz",
      "integrity": "sha512-PYzBj9F5f8HpGJEuUxxy9WVsMOZnFi/z9wDF/bJ9aoZw+SkXqKQC1HKz94u70imcPiOIzFKc1HI9VX5yQ77TaA==",
      "requires": {
        "@ckeditor/ckeditor5-core": "^35.2.1",
        "@ckeditor/ckeditor5-engine": "^35.2.1",
        "@ckeditor/ckeditor5-utils": "^35.2.1",
        "lodash-es": "^4.17.15"
      }
    },
    "@ckeditor/ckeditor5-ui": {
      "version": "35.2.1",
      "resolved": "https://registry.npmjs.org/@ckeditor/ckeditor5-ui/-/ckeditor5-ui-35.2.1.tgz",
      "integrity": "sha512-D1M8Us0Ss97yc1MbjvqjjuOY4v2u7eYXZbqxCwvAp4/RM0uVQWUQR2UbRLyidP2Ea9JWp7VuMTZ8NvpX9UnXUg==",
      "requires": {
        "@ckeditor/ckeditor5-core": "^35.2.1",
        "@ckeditor/ckeditor5-utils": "^35.2.1",
        "lodash-es": "^4.17.15"
      }
    },
    "@ckeditor/ckeditor5-undo": {
      "version": "35.2.1",
      "resolved": "https://registry.npmjs.org/@ckeditor/ckeditor5-undo/-/ckeditor5-undo-35.2.1.tgz",
      "integrity": "sha512-6nw3BXZU7XcBdeCWK5SI35AwMWu1OI5fGvIQbzuCcuMmicna4DJIwzcCBjY0hODMhxfU3BDLOj9FxSmk4Mju5g==",
      "requires": {
        "@ckeditor/ckeditor5-core": "^35.2.1",
        "@ckeditor/ckeditor5-engine": "^35.2.1",
        "@ckeditor/ckeditor5-ui": "^35.2.1"
      }
    },
    "@ckeditor/ckeditor5-upload": {
      "version": "35.2.1",
      "resolved": "https://registry.npmjs.org/@ckeditor/ckeditor5-upload/-/ckeditor5-upload-35.2.1.tgz",
      "integrity": "sha512-FR3yioqHCV/WmRzNnf01bPa28H8O+dfd4ZBZnAEHWNAMK8wBxf3UY2TwMeamTaaGfFoqUBz6004opqXeOUCcng==",
      "requires": {
        "@ckeditor/ckeditor5-core": "^35.2.1",
        "@ckeditor/ckeditor5-ui": "^35.2.1",
        "@ckeditor/ckeditor5-utils": "^35.2.1"
      }
    },
    "@ckeditor/ckeditor5-utils": {
      "version": "35.2.1",
      "resolved": "https://registry.npmjs.org/@ckeditor/ckeditor5-utils/-/ckeditor5-utils-35.2.1.tgz",
      "integrity": "sha512-6sseGcA+am4bfuWybTVsLi1R2DRJE3lyKfAv5+UgSWpZwVWHRE/ZOCGkRrkWjA+0Rfwxx8XdU8KC+l7iq73iwQ==",
      "requires": {
        "lodash-es": "^4.17.15"
      }
    },
    "@ckeditor/ckeditor5-widget": {
      "version": "35.2.1",
      "resolved": "https://registry.npmjs.org/@ckeditor/ckeditor5-widget/-/ckeditor5-widget-35.2.1.tgz",
      "integrity": "sha512-DdEr13R7wFZKnSwDDOvdaeU4zjV3BSggx79ApgWh2UH1zZuZeDIEAOoBd59OXGUg3mElAgIe/QH8brA5au+Owg==",
      "requires": {
        "@ckeditor/ckeditor5-core": "^35.2.1",
        "@ckeditor/ckeditor5-engine": "^35.2.1",
        "@ckeditor/ckeditor5-enter": "^35.2.1",
        "@ckeditor/ckeditor5-typing": "^35.2.1",
        "@ckeditor/ckeditor5-ui": "^35.2.1",
        "@ckeditor/ckeditor5-utils": "^35.2.1",
        "lodash-es": "^4.17.15"
      }
    },
    "ckeditor5": {
      "version": "35.2.1",
      "resolved": "https://registry.npmjs.org/ckeditor5/-/ckeditor5-35.2.1.tgz",
      "integrity": "sha512-AoYaw5ud6M+mDkyu4RYo0YkhJt92hQtyWe9j0ByrLr2XslDDIgzf5x3XZK0FE3ouJQpk5fm6y7qN4kfeaFEJwg==",
      "requires": {
        "@ckeditor/ckeditor5-clipboard": "^35.2.1",
        "@ckeditor/ckeditor5-core": "^35.2.1",
        "@ckeditor/ckeditor5-engine": "^35.2.1",
        "@ckeditor/ckeditor5-enter": "^35.2.1",
        "@ckeditor/ckeditor5-paragraph": "^35.2.1",
        "@ckeditor/ckeditor5-select-all": "^35.2.1",
        "@ckeditor/ckeditor5-typing": "^35.2.1",
        "@ckeditor/ckeditor5-ui": "^35.2.1",
        "@ckeditor/ckeditor5-undo": "^35.2.1",
        "@ckeditor/ckeditor5-upload": "^35.2.1",
        "@ckeditor/ckeditor5-utils": "^35.2.1",
        "@ckeditor/ckeditor5-widget": "^35.2.1"
      }
    },
    "jquery": {
      "version": "3.6.1",
      "resolved": "https://registry.npmjs.org/jquery/-/jquery-3.6.1.tgz",
      "integrity": "sha512-opJeO4nCucVnsjiXOE+/PcCgYw9Gwpvs/a6B1LL/lQhwWwpbVEVYDZ1FokFr8PRc7ghYlrFPuyHuiiDNTQxmcw=="
    },
    "jquery-ui": {
      "version": "1.13.2",
      "resolved": "https://registry.npmjs.org/jquery-ui/-/jquery-ui-1.13.2.tgz",
      "integrity": "sha512-wBZPnqWs5GaYJmo1Jj0k/mrSkzdQzKDwhXNtHKcBdAcKVxMM3KNYFq+iJ2i1rwiG53Z8M4mTn3Qxrm17uH1D4Q==",
      "requires": {
        "jquery": ">=1.8.0 <4.0.0"
      }
    },
    "lodash-es": {
      "version": "4.17.21",
      "resolved": "https://registry.npmjs.org/lodash-es/-/lodash-es-4.17.21.tgz",
      "integrity": "sha512-mKnC+QJ9pWVzv+C4/U3rRsHapFfHvQFoFB92e52xeyGMcX6/OlIl78je1u8vePzYZSkkogMPJ2yjxxsb89cxyw=="
    }
  }
}
